dependencies:
- name: bjoroy-bank
  repository: oci://oci.bjoroy.me/bank
  version: 0.12.82
- name: merchant-chart
  repository: oci://oci.bjoroy.me/bank
  version: 0.2.0
digest: sha256:5d9cd7376e9b242e02aeb32fea5527a82f6d4ec312002adc45360e893f630c88
generated: "2026-05-07T08:55:51.723934052+02:00"
